// !$*UTF8*$!
{
	archiveVersion = 1;
	classes = {
	};
	objectVersion = 55;
	objects = {

/* Begin PBXBuildFile section */
		A9321E01285D842700DE1BB3 /* PasswordValidationReqsponse.swift in Sources */ = {isa = PBXBuildFile; fileRef = A9321DFF285D842700DE1BB3 /* PasswordValidationReqsponse.swift */; };
		A9321E02285D842700DE1BB3 /* PasswordValidationRequest.swift in Sources */ = {isa = PBXBuildFile; fileRef = A9321E00285D842700DE1BB3 /* PasswordValidationRequest.swift */; };
		A9F0AB56285B22B0001171F1 /* KaleubSDK.docc in Sources */ = {isa = PBXBuildFile; fileRef = A9F0AB55285B22B0001171F1 /* KaleubSDK.docc */; };
		A9F0AB5C285B22B0001171F1 /* KaleubSDK.framework in Frameworks */ = {isa = PBXBuildFile; fileRef = A9F0AB51285B22B0001171F1 /* KaleubSDK.framework */; };
		A9F0AB61285B22B0001171F1 /* KaleubSDKTests.swift in Sources */ = {isa = PBXBuildFile; fileRef = A9F0AB60285B22B0001171F1 /* KaleubSDKTests.swift */; };
		A9F0AB62285B22B0001171F1 /* KaleubSDK.h in Headers */ = {isa = PBXBuildFile; fileRef = A9F0AB54285B22B0001171F1 /* KaleubSDK.h */; settings = {ATTRIBUTES = (Public, ); }; };
		A9F0AB6F285B2CBA001171F1 /* Kaleub.swift in Sources */ = {isa = PBXBuildFile; fileRef = A9F0AB6E285B2CBA001171F1 /* Kaleub.swift */; };
		A9F0AB71285B2CFC001171F1 /* KaleubMain.swift in Sources */ = {isa = PBXBuildFile; fileRef = A9F0AB70285B2CFC001171F1 /* KaleubMain.swift */; };
		A9F0AB73285B32C4001171F1 /* Room.swift in Sources */ = {isa = PBXBuildFile; fileRef = A9F0AB72285B32C4001171F1 /* Room.swift */; };
		A9F0AB75285B32D6001171F1 /* RoomManager.swift in Sources */ = {isa = PBXBuildFile; fileRef = A9F0AB74285B32D6001171F1 /* RoomManager.swift */; };
		B1412AD1285B383F006ED59E /* APIClient.swift in Sources */ = {isa = PBXBuildFile; fileRef = B1412AD0285B383F006ED59E /* APIClient.swift */; };
		B1412AD5285B3892006ED59E /* SignUpResonse.swift in Sources */ = {isa = PBXBuildFile; fileRef = B1412AD4285B3892006ED59E /* SignUpResonse.swift */; };
		B1412AD7285B38A3006ED59E /* SignUpRequest.swift in Sources */ = {isa = PBXBuildFile; fileRef = B1412AD6285B38A3006ED59E /* SignUpRequest.swift */; };
		B1412ADA285B38C2006ED59E /* Request.swift in Sources */ = {isa = PBXBuildFile; fileRef = B1412AD9285B38C2006ED59E /* Request.swift */; };
		B1412ADC285B38D3006ED59E /* Response.swift in Sources */ = {isa = PBXBuildFile; fileRef = B1412ADB285B38D3006ED59E /* Response.swift */; };
		B1412ADF285B40C3006ED59E /* User.swift in Sources */ = {isa = PBXBuildFile; fileRef = B1412ADE285B40C3006ED59E /* User.swift */; };
		B1412AE2285B4A91006ED59E /* RoomListRequest.swift in Sources */ = {isa = PBXBuildFile; fileRef = B1412AE1285B4A91006ED59E /* RoomListRequest.swift */; };
		B1412AE4285B4ABB006ED59E /* RoomListResponse.swift in Sources */ = {isa = PBXBuildFile; fileRef = B1412AE3285B4ABB006ED59E /* RoomListResponse.swift */; };
		B1412AE6285B4D8B006ED59E /* APIClientTests.swift in Sources */ = {isa = PBXBuildFile; fileRef = B1412AE5285B4D8B006ED59E /* APIClientTests.swift */; };
		B1C86C4E285C4789002B28C5 /* SignInRequest.swift in Sources */ = {isa = PBXBuildFile; fileRef = B1C86C4D285C4789002B28C5 /* SignInRequest.swift */; };
		B1C86C51285C47A1002B28C5 /* SignInResponse.swift in Sources */ = {isa = PBXBuildFile; fileRef = B1C86C50285C47A1002B28C5 /* SignInResponse.swift */; };
		B1C86C55285C5153002B28C5 /* AppStorageManager.swift in Sources */ = {isa = PBXBuildFile; fileRef = B1C86C54285C5153002B28C5 /* AppStorageManager.swift */; };
		B1C86C58285C51B6002B28C5 /* StringSet.swift in Sources */ = {isa = PBXBuildFile; fileRef = B1C86C57285C51B6002B28C5 /* StringSet.swift */; };
		B1C86C5A285C5A72002B28C5 /* SignInTokenRequest.swift in Sources */ = {isa = PBXBuildFile; fileRef = B1C86C59285C5A72002B28C5 /* SignInTokenRequest.swift */; };
		B1C86C5C285C6929002B28C5 /* EmailValidationRequest.swift in Sources */ = {isa = PBXBuildFile; fileRef = B1C86C5B285C6929002B28C5 /* EmailValidationRequest.swift */; };
		B1C86C5E285C6944002B28C5 /* EmailValidationResponse.swift in Sources */ = {isa = PBXBuildFile; fileRef = B1C86C5D285C6944002B28C5 /* EmailValidationResponse.swift */; };
		B1C86C63285C6FDD002B28C5 /* SendVerificationMailRequest.swift in Sources */ = {isa = PBXBuildFile; fileRef = B1C86C62285C6FDD002B28C5 /* SendVerificationMailRequest.swift */; };
		B1C86C65285C6FE7002B28C5 /* SendVerificationMailResponse.swift in Sources */ = {isa = PBXBuildFile; fileRef = B1C86C64285C6FE7002B28C5 /* SendVerificationMailResponse.swift */; };
		B1C86C67285C71F3002B28C5 /* AuthKeyValidationRequest.swift in Sources */ = {isa = PBXBuildFile; fileRef = B1C86C66285C71F3002B28C5 /* AuthKeyValidationRequest.swift */; };
		B1C86C69285C7201002B28C5 /* AuthKeyValidationResponse.swift in Sources */ = {isa = PBXBuildFile; fileRef = B1C86C68285C7201002B28C5 /* AuthKeyValidationResponse.swift */; };
		B1C86C6C285C7483002B28C5 /* APIClient.SignUp.swift in Sources */ = {isa = PBXBuildFile; fileRef = B1C86C6B285C7483002B28C5 /* APIClient.SignUp.swift */; };
		B1C86C6E285C7502002B28C5 /* APIClient.SignIn.swift in Sources */ = {isa = PBXBuildFile; fileRef = B1C86C6D285C7502002B28C5 /* APIClient.SignIn.swift */; };
/* End PBXBuildFile section */

/* Begin PBXContainerItemProxy section */
		A9F0AB5D285B22B0001171F1 /* PBXContainerItemProxy */ = {
			isa = PBXContainerItemProxy;
			containerPortal = A9F0AB48285B22B0001171F1 /* Project object */;
			proxyType = 1;
			remoteGlobalIDString = A9F0AB50285B22B0001171F1;
			remoteInfo = KaleubSDK;
		};
/* End PBXContainerItemProxy section */

/* Begin PBXFileReference section */
		A9321DFF285D842700DE1BB3 /* PasswordValidationReqsponse.swift */ = {isa = PBXFileReference; fileEncoding = 4; lastKnownFileType = sourcecode.swift; path = PasswordValidationReqsponse.swift; sourceTree = "<group>"; };
		A9321E00285D842700DE1BB3 /* PasswordValidationRequest.swift */ = {isa = PBXFileReference; fileEncoding = 4; lastKnownFileType = sourcecode.swift; path = PasswordValidationRequest.swift; sourceTree = "<group>"; };
		A9F0AB51285B22B0001171F1 /* KaleubSDK.framework */ = {isa = PBXFileReference; explicitFileType = wrapper.framework; includeInIndex = 0; path = KaleubSDK.framework; sourceTree = BUILT_PRODUCTS_DIR; };
		A9F0AB54285B22B0001171F1 /* KaleubSDK.h */ = {isa = PBXFileReference; lastKnownFileType = sourcecode.c.h; path = KaleubSDK.h; sourceTree = "<group>"; };
		A9F0AB55285B22B0001171F1 /* KaleubSDK.docc */ = {isa = PBXFileReference; lastKnownFileType = folder.documentationcatalog; path = KaleubSDK.docc; sourceTree = "<group>"; };
		A9F0AB5B285B22B0001171F1 /* KaleubSDKTests.xctest */ = {isa = PBXFileReference; explicitFileType = wrapper.cfbundle; includeInIndex = 0; path = KaleubSDKTests.xctest; sourceTree = BUILT_PRODUCTS_DIR; };
		A9F0AB60285B22B0001171F1 /* KaleubSDKTests.swift */ = {isa = PBXFileReference; lastKnownFileType = sourcecode.swift; path = KaleubSDKTests.swift; sourceTree = "<group>"; };
		A9F0AB6E285B2CBA001171F1 /* Kaleub.swift */ = {isa = PBXFileReference; lastKnownFileType = sourcecode.swift; path = Kaleub.swift; sourceTree = "<group>"; };
		A9F0AB70285B2CFC001171F1 /* KaleubMain.swift */ = {isa = PBXFileReference; lastKnownFileType = sourcecode.swift; path = KaleubMain.swift; sourceTree = "<group>"; };
		A9F0AB72285B32C4001171F1 /* Room.swift */ = {isa = PBXFileReference; lastKnownFileType = sourcecode.swift; path = Room.swift; sourceTree = "<group>"; };
		A9F0AB74285B32D6001171F1 /* RoomManager.swift */ = {isa = PBXFileReference; lastKnownFileType = sourcecode.swift; path = RoomManager.swift; sourceTree = "<group>"; };
		B1412AD0285B383F006ED59E /* APIClient.swift */ = {isa = PBXFileReference; lastKnownFileType = sourcecode.swift; path = APIClient.swift; sourceTree = "<group>"; };
		B1412AD4285B3892006ED59E /* SignUpResonse.swift */ = {isa = PBXFileReference; lastKnownFileType = sourcecode.swift; path = SignUpResonse.swift; sourceTree = "<group>"; };
		B1412AD6285B38A3006ED59E /* SignUpRequest.swift */ = {isa = PBXFileReference; lastKnownFileType = sourcecode.swift; path = SignUpRequest.swift; sourceTree = "<group>"; };
		B1412AD9285B38C2006ED59E /* Request.swift */ = {isa = PBXFileReference; lastKnownFileType = sourcecode.swift; path = Request.swift; sourceTree = "<group>"; };
		B1412ADB285B38D3006ED59E /* Response.swift */ = {isa = PBXFileReference; lastKnownFileType = sourcecode.swift; path = Response.swift; sourceTree = "<group>"; };
		B1412ADE285B40C3006ED59E /* User.swift */ = {isa = PBXFileReference; lastKnownFileType = sourcecode.swift; path = User.swift; sourceTree = "<group>"; };
		B1412AE1285B4A91006ED59E /* RoomListRequest.swift */ = {isa = PBXFileReference; lastKnownFileType = sourcecode.swift; path = RoomListRequest.swift; sourceTree = "<group>"; };
		B1412AE3285B4ABB006ED59E /* RoomListResponse.swift */ = {isa = PBXFileReference; lastKnownFileType = sourcecode.swift; path = RoomListResponse.swift; sourceTree = "<group>"; };
		B1412AE5285B4D8B006ED59E /* APIClientTests.swift */ = {isa = PBXFileReference; lastKnownFileType = sourcecode.swift; path = APIClientTests.swift; sourceTree = "<group>"; };
		B1C86C4D285C4789002B28C5 /* SignInRequest.swift */ = {isa = PBXFileReference; lastKnownFileType = sourcecode.swift; path = SignInRequest.swift; sourceTree = "<group>"; };
		B1C86C50285C47A1002B28C5 /* SignInResponse.swift */ = {isa = PBXFileReference; lastKnownFileType = sourcecode.swift; path = SignInResponse.swift; sourceTree = "<group>"; };
		B1C86C54285C5153002B28C5 /* AppStorageManager.swift */ = {isa = PBXFileReference; lastKnownFileType = sourcecode.swift; path = AppStorageManager.swift; sourceTree = "<group>"; };
		B1C86C57285C51B6002B28C5 /* StringSet.swift */ = {isa = PBXFileReference; lastKnownFileType = sourcecode.swift; path = StringSet.swift; sourceTree = "<group>"; };
		B1C86C59285C5A72002B28C5 /* SignInTokenRequest.swift */ = {isa = PBXFileReference; lastKnownFileType = sourcecode.swift; path = SignInTokenRequest.swift; sourceTree = "<group>"; };
		B1C86C5B285C6929002B28C5 /* EmailValidationRequest.swift */ = {isa = PBXFileReference; lastKnownFileType = sourcecode.swift; path = EmailValidationRequest.swift; sourceTree = "<group>"; };
		B1C86C5D285C6944002B28C5 /* EmailValidationResponse.swift */ = {isa = PBXFileReference; lastKnownFileType = sourcecode.swift; path = EmailValidationResponse.swift; sourceTree = "<group>"; };
		B1C86C62285C6FDD002B28C5 /* SendVerificationMailRequest.swift */ = {isa = PBXFileReference; lastKnownFileType = sourcecode.swift; path = SendVerificationMailRequest.swift; sourceTree = "<group>"; };
		B1C86C64285C6FE7002B28C5 /* SendVerificationMailResponse.swift */ = {isa = PBXFileReference; lastKnownFileType = sourcecode.swift; path = SendVerificationMailResponse.swift; sourceTree = "<group>"; };
		B1C86C66285C71F3002B28C5 /* AuthKeyValidationRequest.swift */ = {isa = PBXFileReference; lastKnownFileType = sourcecode.swift; path = AuthKeyValidationRequest.swift; sourceTree = "<group>"; };
		B1C86C68285C7201002B28C5 /* AuthKeyValidationResponse.swift */ = {isa = PBXFileReference; lastKnownFileType = sourcecode.swift; path = AuthKeyValidationResponse.swift; sourceTree = "<group>"; };
		B1C86C6B285C7483002B28C5 /* APIClient.SignUp.swift */ = {isa = PBXFileReference; lastKnownFileType = sourcecode.swift; path = APIClient.SignUp.swift; sourceTree = "<group>"; };
		B1C86C6D285C7502002B28C5 /* APIClient.SignIn.swift */ = {isa = PBXFileReference; lastKnownFileType = sourcecode.swift; path = APIClient.SignIn.swift; sourceTree = "<group>"; };
/* End PBXFileReference section */

/* Begin PBXFrameworksBuildPhase section */
		A9F0AB4E285B22B0001171F1 /* Frameworks */ = {
			isa = PBXFrameworksBuildPhase;
			buildActionMask = 2147483647;
			files = (
			);
			runOnlyForDeploymentPostprocessing = 0;
		};
		A9F0AB58285B22B0001171F1 /* Frameworks */ = {
			isa = PBXFrameworksBuildPhase;
			buildActionMask = 2147483647;
			files = (
				A9F0AB5C285B22B0001171F1 /* KaleubSDK.framework in Frameworks */,
			);
			runOnlyForDeploymentPostprocessing = 0;
		};
/* End PBXFrameworksBuildPhase section */

/* Begin PBXGroup section */
		A9F0AB47285B22B0001171F1 = {
			isa = PBXGroup;
			children = (
				A9F0AB53285B22B0001171F1 /* KaleubSDK */,
				A9F0AB5F285B22B0001171F1 /* KaleubSDKTests */,
				A9F0AB52285B22B0001171F1 /* Products */,
			);
			sourceTree = "<group>";
		};
		A9F0AB52285B22B0001171F1 /* Products */ = {
			isa = PBXGroup;
			children = (
				A9F0AB51285B22B0001171F1 /* KaleubSDK.framework */,
				A9F0AB5B285B22B0001171F1 /* KaleubSDKTests.xctest */,
			);
			name = Products;
			sourceTree = "<group>";
		};
		A9F0AB53285B22B0001171F1 /* KaleubSDK */ = {
			isa = PBXGroup;
			children = (
				A9F0AB54285B22B0001171F1 /* KaleubSDK.h */,
				A9F0AB6E285B2CBA001171F1 /* Kaleub.swift */,
				A9F0AB70285B2CFC001171F1 /* KaleubMain.swift */,
				B1C86C54285C5153002B28C5 /* AppStorageManager.swift */,
				B1C86C56285C51AD002B28C5 /* Common */,
				B1412ADD285B4011006ED59E /* Models */,
				B1412ACF285B3830006ED59E /* API */,
				A9F0AB76285B32EC001171F1 /* Room */,
				A9F0AB55285B22B0001171F1 /* KaleubSDK.docc */,
			);
			path = KaleubSDK;
			sourceTree = "<group>";
		};
		A9F0AB5F285B22B0001171F1 /* KaleubSDKTests */ = {
			isa = PBXGroup;
			children = (
				B1412AE5285B4D8B006ED59E /* APIClientTests.swift */,
				A9F0AB60285B22B0001171F1 /* KaleubSDKTests.swift */,
			);
			path = KaleubSDKTests;
			sourceTree = "<group>";
		};
		A9F0AB76285B32EC001171F1 /* Room */ = {
			isa = PBXGroup;
			children = (
				A9F0AB74285B32D6001171F1 /* RoomManager.swift */,
			);
			path = Room;
			sourceTree = "<group>";
		};
		B1412ACF285B3830006ED59E /* API */ = {
			isa = PBXGroup;
			children = (
				B1412AD2285B3843006ED59E /* Client */,
				B1412AE0285B4A4E006ED59E /* Room */,
				B1412AD3285B387E006ED59E /* Auth */,
				B1412AD8285B38AE006ED59E /* Common */,
			);
			path = API;
			sourceTree = "<group>";
		};
		B1412AD2285B3843006ED59E /* Client */ = {
			isa = PBXGroup;
			children = (
				B1412AD0285B383F006ED59E /* APIClient.swift */,
				B1C86C6B285C7483002B28C5 /* APIClient.SignUp.swift */,
				B1C86C6D285C7502002B28C5 /* APIClient.SignIn.swift */,
			);
			path = Client;
			sourceTree = "<group>";
		};
		B1412AD3285B387E006ED59E /* Auth */ = {
			isa = PBXGroup;
			children = (
				B1C86C4F285C4791002B28C5 /* SignUp */,
				B1C86C52285C47A6002B28C5 /* SignIn */,
			);
			path = Auth;
			sourceTree = "<group>";
		};
		B1412AD8285B38AE006ED59E /* Common */ = {
			isa = PBXGroup;
			children = (
				B1412AD9285B38C2006ED59E /* Request.swift */,
				B1412ADB285B38D3006ED59E /* Response.swift */,
			);
			path = Common;
			sourceTree = "<group>";
		};
		B1412ADD285B4011006ED59E /* Models */ = {
			isa = PBXGroup;
			children = (
				B1412ADE285B40C3006ED59E /* User.swift */,
				A9F0AB72285B32C4001171F1 /* Room.swift */,
			);
			path = Models;
			sourceTree = "<group>";
		};
		B1412AE0285B4A4E006ED59E /* Room */ = {
			isa = PBXGroup;
			children = (
				B1412AE1285B4A91006ED59E /* RoomListRequest.swift */,
				B1412AE3285B4ABB006ED59E /* RoomListResponse.swift */,
			);
			path = Room;
			sourceTree = "<group>";
		};
		B1C86C4F285C4791002B28C5 /* SignUp */ = {
			isa = PBXGroup;
			children = (
				B1412AD6285B38A3006ED59E /* SignUpRequest.swift */,
				B1412AD4285B3892006ED59E /* SignUpResonse.swift */,
				B1C86C5F285C69AD002B28C5 /* EmailValidation */,
				B1C86C61285C6FC6002B28C5 /* SendVerificationMail */,
				B1C86C6A285C7205002B28C5 /* AuthKeyValidation */,
				B1C86C73285C76BB002B28C5 /* PasswordValidation */,
			);
			path = SignUp;
			sourceTree = "<group>";
		};
		B1C86C52285C47A6002B28C5 /* SignIn */ = {
			isa = PBXGroup;
			children = (
				B1C86C59285C5A72002B28C5 /* SignInTokenRequest.swift */,
				B1C86C4D285C4789002B28C5 /* SignInRequest.swift */,
				B1C86C50285C47A1002B28C5 /* SignInResponse.swift */,
			);
			path = SignIn;
			sourceTree = "<group>";
		};
		B1C86C56285C51AD002B28C5 /* Common */ = {
			isa = PBXGroup;
			children = (
				B1C86C57285C51B6002B28C5 /* StringSet.swift */,
			);
			path = Common;
			sourceTree = "<group>";
		};
		B1C86C5F285C69AD002B28C5 /* EmailValidation */ = {
			isa = PBXGroup;
			children = (
				B1C86C5B285C6929002B28C5 /* EmailValidationRequest.swift */,
				B1C86C5D285C6944002B28C5 /* EmailValidationResponse.swift */,
			);
			path = EmailValidation;
			sourceTree = "<group>";
		};
		B1C86C61285C6FC6002B28C5 /* SendVerificationMail */ = {
			isa = PBXGroup;
			children = (
				B1C86C62285C6FDD002B28C5 /* SendVerificationMailRequest.swift */,
				B1C86C64285C6FE7002B28C5 /* SendVerificationMailResponse.swift */,
			);
			path = SendVerificationMail;
			sourceTree = "<group>";
		};
		B1C86C6A285C7205002B28C5 /* AuthKeyValidation */ = {
			isa = PBXGroup;
			children = (
				B1C86C66285C71F3002B28C5 /* AuthKeyValidationRequest.swift */,
				B1C86C68285C7201002B28C5 /* AuthKeyValidationResponse.swift */,
			);
			path = AuthKeyValidation;
			sourceTree = "<group>";
		};
		B1C86C73285C76BB002B28C5 /* PasswordValidation */ = {
			isa = PBXGroup;
			children = (
				A9321DFF285D842700DE1BB3 /* PasswordValidationReqsponse.swift */,
				A9321E00285D842700DE1BB3 /* PasswordValidationRequest.swift */,
			);
			path = PasswordValidation;
			sourceTree = "<group>";
		};
/* End PBXGroup section */

/* Begin PBXHeadersBuildPhase section */
		A9F0AB4C285B22B0001171F1 /* Headers */ = {
			isa = PBXHeadersBuildPhase;
			buildActionMask = 2147483647;
			files = (
				A9F0AB62285B22B0001171F1 /* KaleubSDK.h in Headers */,
			);
			runOnlyForDeploymentPostprocessing = 0;
		};
/* End PBXHeadersBuildPhase section */

/* Begin PBXNativeTarget section */
		A9F0AB50285B22B0001171F1 /* KaleubSDK */ = {
			isa = PBXNativeTarget;
			buildConfigurationList = A9F0AB65285B22B0001171F1 /* Build configuration list for PBXNativeTarget "KaleubSDK" */;
			buildPhases = (
				A9F0AB4C285B22B0001171F1 /* Headers */,
				A9F0AB4D285B22B0001171F1 /* Sources */,
				A9F0AB4E285B22B0001171F1 /* Frameworks */,
				A9F0AB4F285B22B0001171F1 /* Resources */,
			);
			buildRules = (
			);
			dependencies = (
			);
			name = KaleubSDK;
			productName = KaleubSDK;
			productReference = A9F0AB51285B22B0001171F1 /* KaleubSDK.framework */;
			productType = "com.apple.product-type.framework";
		};
		A9F0AB5A285B22B0001171F1 /* KaleubSDKTests */ = {
			isa = PBXNativeTarget;
			buildConfigurationList = A9F0AB68285B22B0001171F1 /* Build configuration list for PBXNativeTarget "KaleubSDKTests" */;
			buildPhases = (
				A9F0AB57285B22B0001171F1 /* Sources */,
				A9F0AB58285B22B0001171F1 /* Frameworks */,
				A9F0AB59285B22B0001171F1 /* Resources */,
			);
			buildRules = (
			);
			dependencies = (
				A9F0AB5E285B22B0001171F1 /* PBXTargetDependency */,
			);
			name = KaleubSDKTests;
			productName = KaleubSDKTests;
			productReference = A9F0AB5B285B22B0001171F1 /* KaleubSDKTests.xctest */;
			productType = "com.apple.product-type.bundle.unit-test";
		};
/* End PBXNativeTarget section */

/* Begin PBXProject section */
		A9F0AB48285B22B0001171F1 /* Project object */ = {
			isa = PBXProject;
			attributes = {
				BuildIndependentTargetsInParallel = 1;
				LastSwiftUpdateCheck = 1330;
				LastUpgradeCheck = 1330;
				TargetAttributes = {
					A9F0AB50285B22B0001171F1 = {
						CreatedOnToolsVersion = 13.3.1;
					};
					A9F0AB5A285B22B0001171F1 = {
						CreatedOnToolsVersion = 13.3.1;
					};
				};
			};
			buildConfigurationList = A9F0AB4B285B22B0001171F1 /* Build configuration list for PBXProject "KaleubSDK" */;
			compatibilityVersion = "Xcode 13.0";
			developmentRegion = en;
			hasScannedForEncodings = 0;
			knownRegions = (
				en,
				Base,
			);
			mainGroup = A9F0AB47285B22B0001171F1;
			productRefGroup = A9F0AB52285B22B0001171F1 /* Products */;
			projectDirPath = "";
			projectRoot = "";
			targets = (
				A9F0AB50285B22B0001171F1 /* KaleubSDK */,
				A9F0AB5A285B22B0001171F1 /* KaleubSDKTests */,
			);
		};
/* End PBXProject section */

/* Begin PBXResourcesBuildPhase section */
		A9F0AB4F285B22B0001171F1 /* Resources */ = {
			isa = PBXResourcesBuildPhase;
			buildActionMask = 2147483647;
			files = (
			);
			runOnlyForDeploymentPostprocessing = 0;
		};
		A9F0AB59285B22B0001171F1 /* Resources */ = {
			isa = PBXResourcesBuildPhase;
			buildActionMask = 2147483647;
			files = (
			);
			runOnlyForDeploymentPostprocessing = 0;
		};
/* End PBXResourcesBuildPhase section */

/* Begin PBXSourcesBuildPhase section */
		A9F0AB4D285B22B0001171F1 /* Sources */ = {
			isa = PBXSourcesBuildPhase;
			buildActionMask = 2147483647;
			files = (
				B1C86C65285C6FE7002B28C5 /* SendVerificationMailResponse.swift in Sources */,
				A9321E02285D842700DE1BB3 /* PasswordValidationRequest.swift in Sources */,
				B1412AE4285B4ABB006ED59E /* RoomListResponse.swift in Sources */,
				A9321E01285D842700DE1BB3 /* PasswordValidationReqsponse.swift in Sources */,
				A9F0AB56285B22B0001171F1 /* KaleubSDK.docc in Sources */,
				B1412AD5285B3892006ED59E /* SignUpResonse.swift in Sources */,
				B1C86C55285C5153002B28C5 /* AppStorageManager.swift in Sources */,
				B1C86C51285C47A1002B28C5 /* SignInResponse.swift in Sources */,
				B1C86C63285C6FDD002B28C5 /* SendVerificationMailRequest.swift in Sources */,
				B1C86C5A285C5A72002B28C5 /* SignInTokenRequest.swift in Sources */,
				B1412AE2285B4A91006ED59E /* RoomListRequest.swift in Sources */,
				B1C86C58285C51B6002B28C5 /* StringSet.swift in Sources */,
				B1C86C5E285C6944002B28C5 /* EmailValidationResponse.swift in Sources */,
				A9F0AB75285B32D6001171F1 /* RoomManager.swift in Sources */,
				A9F0AB71285B2CFC001171F1 /* KaleubMain.swift in Sources */,
				B1412ADC285B38D3006ED59E /* Response.swift in Sources */,
				A9F0AB73285B32C4001171F1 /* Room.swift in Sources */,
				B1412AD7285B38A3006ED59E /* SignUpRequest.swift in Sources */,
				A9F0AB6F285B2CBA001171F1 /* Kaleub.swift in Sources */,
				B1412ADA285B38C2006ED59E /* Request.swift in Sources */,
				B1412AD1285B383F006ED59E /* APIClient.swift in Sources */,
				B1C86C5C285C6929002B28C5 /* EmailValidationRequest.swift in Sources */,
				B1412ADF285B40C3006ED59E /* User.swift in Sources */,
				B1C86C6C285C7483002B28C5 /* APIClient.SignUp.swift in Sources */,
				B1C86C67285C71F3002B28C5 /* AuthKeyValidationRequest.swift in Sources */,
				B1C86C4E285C4789002B28C5 /* SignInRequest.swift in Sources */,
				B1C86C6E285C7502002B28C5 /* APIClient.SignIn.swift in Sources */,
				B1C86C69285C7201002B28C5 /* AuthKeyValidationResponse.swift in Sources */,
			);
			runOnlyForDeploymentPostprocessing = 0;
		};
		A9F0AB57285B22B0001171F1 /* Sources */ = {
			isa = PBXSourcesBuildPhase;
			buildActionMask = 2147483647;
			files = (
				A9F0AB61285B22B0001171F1 /* KaleubSDKTests.swift in Sources */,
				B1412AE6285B4D8B006ED59E /* APIClientTests.swift in Sources */,
			);
			runOnlyForDeploymentPostprocessing = 0;
		};
/* End PBXSourcesBuildPhase section */

/* Begin PBXTargetDependency section */
		A9F0AB5E285B22B0001171F1 /* PBXTargetDependency */ = {
			isa = PBXTargetDependency;
			target = A9F0AB50285B22B0001171F1 /* KaleubSDK */;
			targetProxy = A9F0AB5D285B22B0001171F1 /* PBXContainerItemProxy */;
		};
/* End PBXTargetDependency section */

/* Begin XCBuildConfiguration section */
		A9F0AB63285B22B0001171F1 /* Debug */ = {
			isa = XCBuildConfiguration;
			buildSettings = {
				ALWAYS_SEARCH_USER_PATHS = NO;
				CLANG_ANALYZER_NONNULL = YES;
				CLANG_ANALYZER_NUMBER_OBJECT_CONVERSION = YES_AGGRESSIVE;
				CLANG_CXX_LANGUAGE_STANDARD = "gnu++17";
				CLANG_ENABLE_MODULES = YES;
				CLANG_ENABLE_OBJC_ARC = YES;
				CLANG_ENABLE_OBJC_WEAK = YES;
				CLANG_WARN_BLOCK_CAPTURE_AUTORELEASING = YES;
				CLANG_WARN_BOOL_CONVERSION = YES;
				CLANG_WARN_COMMA = YES;
				CLANG_WARN_CONSTANT_CONVERSION = YES;
				CLANG_WARN_DEPRECATED_OBJC_IMPLEMENTATIONS = YES;
				CLANG_WARN_DIRECT_OBJC_ISA_USAGE = YES_ERROR;
				CLANG_WARN_DOCUMENTATION_COMMENTS = YES;
				CLANG_WARN_EMPTY_BODY = YES;
				CLANG_WARN_ENUM_CONVERSION = YES;
				CLANG_WARN_INFINITE_RECURSION = YES;
				CLANG_WARN_INT_CONVERSION = YES;
				CLANG_WARN_NON_LITERAL_NULL_CONVERSION = YES;
				CLANG_WARN_OBJC_IMPLICIT_RETAIN_SELF = YES;
				CLANG_WARN_OBJC_LITERAL_CONVERSION = YES;
				CLANG_WARN_OBJC_ROOT_CLASS = YES_ERROR;
				CLANG_WARN_QUOTED_INCLUDE_IN_FRAMEWORK_HEADER = YES;
				CLANG_WARN_RANGE_LOOP_ANALYSIS = YES;
				CLANG_WARN_STRICT_PROTOTYPES = YES;
				CLANG_WARN_SUSPICIOUS_MOVE = YES;
				CLANG_WARN_UNGUARDED_AVAILABILITY = YES_AGGRESSIVE;
				CLANG_WARN_UNREACHABLE_CODE = YES;
				CLANG_WARN__DUPLICATE_METHOD_MATCH = YES;
				COPY_PHASE_STRIP = NO;
				CURRENT_PROJECT_VERSION = 1;
				DEBUG_INFORMATION_FORMAT = dwarf;
				ENABLE_STRICT_OBJC_MSGSEND = YES;
				ENABLE_TESTABILITY = YES;
				GCC_C_LANGUAGE_STANDARD = gnu11;
				GCC_DYNAMIC_NO_PIC = NO;
				GCC_NO_COMMON_BLOCKS = YES;
				GCC_OPTIMIZATION_LEVEL = 0;
				GCC_PREPROCESSOR_DEFINITIONS = (
					"DEBUG=1",
					"$(inherited)",
				);
				GCC_WARN_64_TO_32_BIT_CONVERSION = YES;
				GCC_WARN_ABOUT_RETURN_TYPE = YES_ERROR;
				GCC_WARN_UNDECLARED_SELECTOR = YES;
				GCC_WARN_UNINITIALIZED_AUTOS = YES_AGGRESSIVE;
				GCC_WARN_UNUSED_FUNCTION = YES;
				GCC_WARN_UNUSED_VARIABLE = YES;
				IPHONEOS_DEPLOYMENT_TARGET = 15.0;
				MTL_ENABLE_DEBUG_INFO = INCLUDE_SOURCE;
				MTL_FAST_MATH = YES;
				ONLY_ACTIVE_ARCH = YES;
				SDKROOT = iphoneos;
				SWIFT_ACTIVE_COMPILATION_CONDITIONS = DEBUG;
				SWIFT_OPTIMIZATION_LEVEL = "-Onone";
				VERSIONING_SYSTEM = "apple-generic";
				VERSION_INFO_PREFIX = "";
			};
			name = Debug;
		};
		A9F0AB64285B22B0001171F1 /* Release */ = {
			isa = XCBuildConfiguration;
			buildSettings = {
				ALWAYS_SEARCH_USER_PATHS = NO;
				CLANG_ANALYZER_NONNULL = YES;
				CLANG_ANALYZER_NUMBER_OBJECT_CONVERSION = YES_AGGRESSIVE;
				CLANG_CXX_LANGUAGE_STANDARD = "gnu++17";
				CLANG_ENABLE_MODULES = YES;
				CLANG_ENABLE_OBJC_ARC = YES;
				CLANG_ENABLE_OBJC_WEAK = YES;
				CLANG_WARN_BLOCK_CAPTURE_AUTORELEASING = YES;
				CLANG_WARN_BOOL_CONVERSION = YES;
				CLANG_WARN_COMMA = YES;
				CLANG_WARN_CONSTANT_CONVERSION = YES;
				CLANG_WARN_DEPRECATED_OBJC_IMPLEMENTATIONS = YES;
				CLANG_WARN_DIRECT_OBJC_ISA_USAGE = YES_ERROR;
				CLANG_WARN_DOCUMENTATION_COMMENTS = YES;
				CLANG_WARN_EMPTY_BODY = YES;
				CLANG_WARN_ENUM_CONVERSION = YES;
				CLANG_WARN_INFINITE_RECURSION = YES;
				CLANG_WARN_INT_CONVERSION = YES;
				CLANG_WARN_NON_LITERAL_NULL_CONVERSION = YES;
				CLANG_WARN_OBJC_IMPLICIT_RETAIN_SELF = YES;
				CLANG_WARN_OBJC_LITERAL_CONVERSION = YES;
				CLANG_WARN_OBJC_ROOT_CLASS = YES_ERROR;
				CLANG_WARN_QUOTED_INCLUDE_IN_FRAMEWORK_HEADER = YES;
				CLANG_WARN_RANGE_LOOP_ANALYSIS = YES;
				CLANG_WARN_STRICT_PROTOTYPES = YES;
				CLANG_WARN_SUSPICIOUS_MOVE = YES;
				CLANG_WARN_UNGUARDED_AVAILABILITY = YES_AGGRESSIVE;
				CLANG_WARN_UNREACHABLE_CODE = YES;
				CLANG_WARN__DUPLICATE_METHOD_MATCH = YES;
				COPY_PHASE_STRIP = NO;
				CURRENT_PROJECT_VERSION = 1;
				DEBUG_INFORMATION_FORMAT = "dwarf-with-dsym";
				ENABLE_NS_ASSERTIONS = NO;
				ENABLE_STRICT_OBJC_MSGSEND = YES;
				GCC_C_LANGUAGE_STANDARD = gnu11;
				GCC_NO_COMMON_BLOCKS = YES;
				GCC_WARN_64_TO_32_BIT_CONVERSION = YES;
				GCC_WARN_ABOUT_RETURN_TYPE = YES_ERROR;
				GCC_WARN_UNDECLARED_SELECTOR = YES;
				GCC_WARN_UNINITIALIZED_AUTOS = YES_AGGRESSIVE;
				GCC_WARN_UNUSED_FUNCTION = YES;
				GCC_WARN_UNUSED_VARIABLE = YES;
				IPHONEOS_DEPLOYMENT_TARGET = 15.0;
				MTL_ENABLE_DEBUG_INFO = NO;
				MTL_FAST_MATH = YES;
				SDKROOT = iphoneos;
				SWIFT_COMPILATION_MODE = wholemodule;
				SWIFT_OPTIMIZATION_LEVEL = "-O";
				VALIDATE_PRODUCT = YES;
				VERSIONING_SYSTEM = "apple-generic";
				VERSION_INFO_PREFIX = "";
			};
			name = Release;
		};
		A9F0AB66285B22B0001171F1 /* Debug */ = {
			isa = XCBuildConfiguration;
			buildSettings = {
				CODE_SIGN_STYLE = Automatic;
				CURRENT_PROJECT_VERSION = 1;
				DEFINES_MODULE = YES;
				DYLIB_COMPATIBILITY_VERSION = 1;
				DYLIB_CURRENT_VERSION = 1;
				DYLIB_INSTALL_NAME_BASE = "@rpath";
				GENERATE_INFOPLIST_FILE = YES;
				INFOPLIST_KEY_NSHumanReadableCopyright = "";
				INSTALL_PATH = "$(LOCAL_LIBRARY_DIR)/Frameworks";
				IPHONEOS_DEPLOYMENT_TARGET = 15.0;
				LD_RUNPATH_SEARCH_PATHS = (
					"$(inherited)",
					"@executable_path/Frameworks",
					"@loader_path/Frameworks",
				);
				MARKETING_VERSION = 1.0.0;
				PRODUCT_BUNDLE_IDENTIFIER = com.kaleub.sdk;
				PRODUCT_NAME = "$(TARGET_NAME:c99extidentifier)";
				SKIP_INSTALL = YES;
				SUPPORTS_MACCATALYST = NO;
				SWIFT_EMIT_LOC_STRINGS = YES;
				SWIFT_VERSION = 5.0;
				TARGETED_DEVICE_FAMILY = 1;
			};
			name = Debug;
		};
		A9F0AB67285B22B0001171F1 /* Release */ = {
			isa = XCBuildConfiguration;
			buildSettings = {
				CODE_SIGN_STYLE = Automatic;
				CURRENT_PROJECT_VERSION = 1;
				DEFINES_MODULE = YES;
				DYLIB_COMPATIBILITY_VERSION = 1;
				DYLIB_CURRENT_VERSION = 1;
				DYLIB_INSTALL_NAME_BASE = "@rpath";
				GENERATE_INFOPLIST_FILE = YES;
				INFOPLIST_KEY_NSHumanReadableCopyright = "";
				INSTALL_PATH = "$(LOCAL_LIBRARY_DIR)/Frameworks";
				IPHONEOS_DEPLOYMENT_TARGET = 15.0;
				LD_RUNPATH_SEARCH_PATHS = (
					"$(inherited)",
					"@executable_path/Frameworks",
					"@loader_path/Frameworks",
				);
				MARKETING_VERSION = 1.0.0;
				PRODUCT_BUNDLE_IDENTIFIER = com.kaleub.sdk;
				PRODUCT_NAME = "$(TARGET_NAME:c99extidentifier)";
				SKIP_INSTALL = YES;
				SUPPORTS_MACCATALYST = NO;
				SWIFT_EMIT_LOC_STRINGS = YES;
				SWIFT_VERSION = 5.0;
				TARGETED_DEVICE_FAMILY = 1;
			};
			name = Release;
		};
		A9F0AB69285B22B0001171F1 /* Debug */ = {
			isa = XCBuildConfiguration;
			buildSettings = {
				ALWAYS_EMBED_SWIFT_STANDARD_LIBRARIES = YES;
				CODE_SIGN_STYLE = Automatic;
				CURRENT_PROJECT_VERSION = 1;
				GENERATE_INFOPLIST_FILE = YES;
				IPHONEOS_DEPLOYMENT_TARGET = 15.0;
				MARKETING_VERSION = 1.0;
				PRODUCT_BUNDLE_IDENTIFIER = com.kaleub.KaleubSDKTests;
				PRODUCT_NAME = "$(TARGET_NAME)";
				SWIFT_EMIT_LOC_STRINGS = NO;
				SWIFT_VERSION = 5.0;
				TARGETED_DEVICE_FAMILY = "1,2";
			};
			name = Debug;
		};
		A9F0AB6A285B22B0001171F1 /* Release */ = {
			isa = XCBuildConfiguration;
			buildSettings = {
				ALWAYS_EMBED_SWIFT_STANDARD_LIBRARIES = YES;
				CODE_SIGN_STYLE = Automatic;
				CURRENT_PROJECT_VERSION = 1;
				GENERATE_INFOPLIST_FILE = YES;
				IPHONEOS_DEPLOYMENT_TARGET = 15.0;
				MARKETING_VERSION = 1.0;
				PRODUCT_BUNDLE_IDENTIFIER = com.kaleub.KaleubSDKTests;
				PRODUCT_NAME = "$(TARGET_NAME)";
				SWIFT_EMIT_LOC_STRINGS = NO;
				SWIFT_VERSION = 5.0;
				TARGETED_DEVICE_FAMILY = "1,2";
			};
			name = Release;
		};
/* End XCBuildConfiguration section */

/* Begin XCConfigurationList section */
		A9F0AB4B285B22B0001171F1 /* Build configuration list for PBXProject "KaleubSDK" */ = {
			isa = XCConfigurationList;
			buildConfigurations = (
				A9F0AB63285B22B0001171F1 /* Debug */,
				A9F0AB64285B22B0001171F1 /* Release */,
			);
			defaultConfigurationIsVisible = 0;
			defaultConfigurationName = Release;
		};
		A9F0AB65285B22B0001171F1 /* Build configuration list for PBXNativeTarget "KaleubSDK" */ = {
			isa = XCConfigurationList;
			buildConfigurations = (
				A9F0AB66285B22B0001171F1 /* Debug */,
				A9F0AB67285B22B0001171F1 /* Release */,
			);
			defaultConfigurationIsVisible = 0;
			defaultConfigurationName = Release;
		};
		A9F0AB68285B22B0001171F1 /* Build configuration list for PBXNativeTarget "KaleubSDKTests" */ = {
			isa = XCConfigurationList;
			buildConfigurations = (
				A9F0AB69285B22B0001171F1 /* Debug */,
				A9F0AB6A285B22B0001171F1 /* Release */,
			);
			defaultConfigurationIsVisible = 0;
			defaultConfigurationName = Release;
		};
/* End XCConfigurationList section */
	};
	rootObject = A9F0AB48285B22B0001171F1 /* Project object */;
}
